// !$*UTF8*$!
{
	archiveVersion = 1;
	classes = {
	};
	objectVersion = 50;
	objects = {

/* Begin PBXBuildFile section */
		F46305EB2666495E00D1C6FE /* GameOfLifeApp.swift in Sources */ = {isa = PBXBuildFile; fileRef = F46305EA2666495E00D1C6FE /* GameOfLifeApp.swift */; };
		F46305EF2666496000D1C6FE /* Assets.xcassets in Resources */ = {isa = PBXBuildFile; fileRef = F46305EE2666496000D1C6FE /* Assets.xcassets */; };
		F46305FE266649B100D1C6FE /* Tile.swift in Sources */ = {isa = PBXBuildFile; fileRef = F46305FD266649B100D1C6FE /* Tile.swift */; };
		F463060626664A0600D1C6FE /* Board.swift in Sources */ = {isa = PBXBuildFile; fileRef = F463060526664A0600D1C6FE /* Board.swift */; };
		F463060D2666742600D1C6FE /* GameView.swift in Sources */ = {isa = PBXBuildFile; fileRef = F463060C2666742600D1C6FE /* GameView.swift */; };
		F46306112666745100D1C6FE /* FloatingButtons.swift in Sources */ = {isa = PBXBuildFile; fileRef = F46306102666745100D1C6FE /* FloatingButtons.swift */; };
		F4630629266780B700D1C6FE /* GameManager.swift in Sources */ = {isa = PBXBuildFile; fileRef = F4630628266780B700D1C6FE /* GameManager.swift */; };
		F4652DC22667A58100EBF81A /* Day.swift in Sources */ = {isa = PBXBuildFile; fileRef = F4652DC12667A58100EBF81A /* Day.swift */; };
		F4652DE22667F3BF00EBF81A /* Pattern.swift in Sources */ = {isa = PBXBuildFile; fileRef = F4652DE12667F3BF00EBF81A /* Pattern.swift */; };
		F4652DE62667F5F000EBF81A /* JsonLoader.swift in Sources */ = {isa = PBXBuildFile; fileRef = F4652DE52667F5F000EBF81A /* JsonLoader.swift */; };
		F4652DEC2667FB1C00EBF81A /* FamousPatterns.json in Resources */ = {isa = PBXBuildFile; fileRef = F4652DDB2667F2C700EBF81A /* FamousPatterns.json */; };
		F4652DF42668039500EBF81A /* FamousPatternsView.swift in Sources */ = {isa = PBXBuildFile; fileRef = F4652DF32668039500EBF81A /* FamousPatternsView.swift */; };
		F4652DF826681B3A00EBF81A /* SaveNewPatternView.swift in Sources */ = {isa = PBXBuildFile; fileRef = F4652DF726681B3A00EBF81A /* SaveNewPatternView.swift */; };
		F4652E012668211E00EBF81A /* Main.xcdatamodeld in Sources */ = {isa = PBXBuildFile; fileRef = F4652DFF2668211E00EBF81A /* Main.xcdatamodeld */; };
		F4652E0426682A2600EBF81A /* SavedPatternsView.swift in Sources */ = {isa = PBXBuildFile; fileRef = F4652E0326682A2600EBF81A /* SavedPatternsView.swift */; };
		F4652E0726682F6300EBF81A /* SearchBar.swift in Sources */ = {isa = PBXBuildFile; fileRef = F4652E0626682F6200EBF81A /* SearchBar.swift */; };
		F4652E1426694E1200EBF81A /* PersistenceController.swift in Sources */ = {isa = PBXBuildFile; fileRef = F4652E1326694E1200EBF81A /* PersistenceController.swift */; };
/* End PBXBuildFile section */

/* Begin PBXFileReference section */
		F46305E72666495E00D1C6FE /* GameOfLife.app */ = {isa = PBXFileReference; explicitFileType = wrapper.application; includeInIndex = 0; path = GameOfLife.app; sourceTree = BUILT_PRODUCTS_DIR; };
		F46305EA2666495E00D1C6FE /* GameOfLifeApp.swift */ = {isa = PBXFileReference; lastKnownFileType = sourcecode.swift; path = GameOfLifeApp.swift; sourceTree = "<group>"; };
		F46305EE2666496000D1C6FE /* Assets.xcassets */ = {isa = PBXFileReference; lastKnownFileType = folder.assetcatalog; path = Assets.xcassets; sourceTree = "<group>"; };
		F46305F32666496000D1C6FE /* Info.plist */ = {isa = PBXFileReference; lastKnownFileType = text.plist.xml; path = Info.plist; sourceTree = "<group>"; };
		F46305FD266649B100D1C6FE /* Tile.swift */ = {isa = PBXFileReference; lastKnownFileType = sourcecode.swift; path = Tile.swift; sourceTree = "<group>"; };
		F463060526664A0600D1C6FE /* Board.swift */ = {isa = PBXFileReference; lastKnownFileType = sourcecode.swift; path = Board.swift; sourceTree = "<group>"; };
		F463060C2666742600D1C6FE /* GameView.swift */ = {isa = PBXFileReference; lastKnownFileType = sourcecode.swift; path = GameView.swift; sourceTree = "<group>"; };
		F46306102666745100D1C6FE /* FloatingButtons.swift */ = {isa = PBXFileReference; lastKnownFileType = sourcecode.swift; path = FloatingButtons.swift; sourceTree = "<group>"; };
		F4630628266780B700D1C6FE /* GameManager.swift */ = {isa = PBXFileReference; lastKnownFileType = sourcecode.swift; path = GameManager.swift; sourceTree = "<group>"; };
		F4652DC12667A58100EBF81A /* Day.swift */ = {isa = PBXFileReference; lastKnownFileType = sourcecode.swift; path = Day.swift; sourceTree = "<group>"; };
		F4652DDB2667F2C700EBF81A /* FamousPatterns.json */ = {isa = PBXFileReference; lastKnownFileType = text.json; path = FamousPatterns.json; sourceTree = "<group>"; };
		F4652DE12667F3BF00EBF81A /* Pattern.swift */ = {isa = PBXFileReference; lastKnownFileType = sourcecode.swift; path = Pattern.swift; sourceTree = "<group>"; };
		F4652DE52667F5F000EBF81A /* JsonLoader.swift */ = {isa = PBXFileReference; lastKnownFileType = sourcecode.swift; path = JsonLoader.swift; sourceTree = "<group>"; };
		F4652DF32668039500EBF81A /* FamousPatternsView.swift */ = {isa = PBXFileReference; lastKnownFileType = sourcecode.swift; path = FamousPatternsView.swift; sourceTree = "<group>"; };
		F4652DF726681B3A00EBF81A /* SaveNewPatternView.swift */ = {isa = PBXFileReference; lastKnownFileType = sourcecode.swift; path = SaveNewPatternView.swift; sourceTree = "<group>"; };
		F4652E002668211E00EBF81A /* Main.xcdatamodel */ = {isa = PBXFileReference; lastKnownFileType = wrapper.xcdatamodel; path = Main.xcdatamodel; sourceTree = "<group>"; };
		F4652E0326682A2600EBF81A /* SavedPatternsView.swift */ = {isa = PBXFileReference; lastKnownFileType = sourcecode.swift; path = SavedPatternsView.swift; sourceTree = "<group>"; };
		F4652E0626682F6200EBF81A /* SearchBar.swift */ = {isa = PBXFileReference; fileEncoding = 4; lastKnownFileType = sourcecode.swift; path = SearchBar.swift; sourceTree = "<group>"; };
		F4652E1326694E1200EBF81A /* PersistenceController.swift */ = {isa = PBXFileReference; lastKnownFileType = sourcecode.swift; path = PersistenceController.swift; sourceTree = "<group>"; };
/* End PBXFileReference section */

/* Begin PBXFrameworksBuildPhase section */
		F46305E42666495E00D1C6FE /* Frameworks */ = {
			isa = PBXFrameworksBuildPhase;
			buildActionMask = 2147483647;
			files = (
			);
			runOnlyForDeploymentPostprocessing = 0;
		};
/* End PBXFrameworksBuildPhase section */

/* Begin PBXGroup section */
		F46305DE2666495E00D1C6FE = {
			isa = PBXGroup;
			children = (
				F46305E92666495E00D1C6FE /* GameOfLife */,
				F46305E82666495E00D1C6FE /* Products */,
			);
			sourceTree = "<group>";
		};
		F46305E82666495E00D1C6FE /* Products */ = {
			isa = PBXGroup;
			children = (
				F46305E72666495E00D1C6FE /* GameOfLife.app */,
			);
			name = Products;
			sourceTree = "<group>";
		};
		F46305E92666495E00D1C6FE /* GameOfLife */ = {
			isa = PBXGroup;
			children = (
				F46305EA2666495E00D1C6FE /* GameOfLifeApp.swift */,
				F46305FA2666497400D1C6FE /* Views */,
				F46305FB2666498300D1C6FE /* View Models */,
				F4652DBA26679A0F00EBF81A /* Models */,
				F4652DDA2667F28D00EBF81A /* Data */,
				F4652E1726694E4B00EBF81A /* Supporting Files */,
			);
			path = GameOfLife;
			sourceTree = "<group>";
		};
		F46305FA2666497400D1C6FE /* Views */ = {
			isa = PBXGroup;
			children = (
				F463060C2666742600D1C6FE /* GameView.swift */,
				F46306102666745100D1C6FE /* FloatingButtons.swift */,
				F4652DF32668039500EBF81A /* FamousPatternsView.swift */,
				F4652E0326682A2600EBF81A /* SavedPatternsView.swift */,
				F4652DF726681B3A00EBF81A /* SaveNewPatternView.swift */,
				F4652E0626682F6200EBF81A /* SearchBar.swift */,
				F463060526664A0600D1C6FE /* Board.swift */,
				F46305FD266649B100D1C6FE /* Tile.swift */,
			);
			path = Views;
			sourceTree = "<group>";
		};
		F46305FB2666498300D1C6FE /* View Models */ = {
			isa = PBXGroup;
			children = (
				F4630628266780B700D1C6FE /* GameManager.swift */,
				F4652E1326694E1200EBF81A /* PersistenceController.swift */,
				F4652DE52667F5F000EBF81A /* JsonLoader.swift */,
			);
			path = "View Models";
			sourceTree = "<group>";
		};
		F4652DBA26679A0F00EBF81A /* Models */ = {
			isa = PBXGroup;
			children = (
				F4652DC12667A58100EBF81A /* Day.swift */,
				F4652DE12667F3BF00EBF81A /* Pattern.swift */,
			);
			path = Models;
			sourceTree = "<group>";
		};
		F4652DDA2667F28D00EBF81A /* Data */ = {
			isa = PBXGroup;
			children = (
				F4652DFF2668211E00EBF81A /* Main.xcdatamodeld */,
				F4652DDB2667F2C700EBF81A /* FamousPatterns.json */,
			);
			path = Data;
			sourceTree = "<group>";
		};
		F4652E1726694E4B00EBF81A /* Supporting Files */ = {
			isa = PBXGroup;
			children = (
				F46305EE2666496000D1C6FE /* Assets.xcassets */,
				F46305F32666496000D1C6FE /* Info.plist */,
			);
			path = "Supporting Files";
			sourceTree = "<group>";
		};
/* End PBXGroup section */

/* Begin PBXNativeTarget section */
		F46305E62666495E00D1C6FE /* GameOfLife */ = {
			isa = PBXNativeTarget;
			buildConfigurationList = F46305F62666496000D1C6FE /* Build configuration list for PBXNativeTarget "GameOfLife" */;
			buildPhases = (
				F46305E32666495E00D1C6FE /* Sources */,
				F46305E42666495E00D1C6FE /* Frameworks */,
				F46305E52666495E00D1C6FE /* Resources */,
			);
			buildRules = (
			);
			dependencies = (
			);
			name = GameOfLife;
			productName = GameOfLife;
			productReference = F46305E72666495E00D1C6FE /* GameOfLife.app */;
			productType = "com.apple.product-type.application";
		};
/* End PBXNativeTarget section */

/* Begin PBXProject section */
		F46305DF2666495E00D1C6FE /* Project object */ = {
			isa = PBXProject;
			attributes = {
				LastSwiftUpdateCheck = 1240;
				LastUpgradeCheck = 1240;
				TargetAttributes = {
					F46305E62666495E00D1C6FE = {
						CreatedOnToolsVersion = 12.4;
					};
				};
			};
			buildConfigurationList = F46305E22666495E00D1C6FE /* Build configuration list for PBXProject "GameOfLife" */;
			compatibilityVersion = "Xcode 9.3";
			developmentRegion = en;
			hasScannedForEncodings = 0;
			knownRegions = (
				en,
				Base,
			);
			mainGroup = F46305DE2666495E00D1C6FE;
			productRefGroup = F46305E82666495E00D1C6FE /* Products */;
			projectDirPath = "";
			projectRoot = "";
			targets = (
				F46305E62666495E00D1C6FE /* GameOfLife */,
			);
		};
/* End PBXProject section */

/* Begin PBXResourcesBuildPhase section */
		F46305E52666495E00D1C6FE /* Resources */ = {
			isa = PBXResourcesBuildPhase;
			buildActionMask = 2147483647;
			files = (
				F4652DEC2667FB1C00EBF81A /* FamousPatterns.json in Resources */,
				F46305EF2666496000D1C6FE /* Assets.xcassets in Resources */,
			);
			runOnlyForDeploymentPostprocessing = 0;
		};
/* End PBXResourcesBuildPhase section */

/* Begin PBXSourcesBuildPhase section */
		F46305E32666495E00D1C6FE /* Sources */ = {
			isa = PBXSourcesBuildPhase;
			buildActionMask = 2147483647;
			files = (
				F4630629266780B700D1C6FE /* GameManager.swift in Sources */,
				F46305FE266649B100D1C6FE /* Tile.swift in Sources */,
				F463060626664A0600D1C6FE /* Board.swift in Sources */,
				F46306112666745100D1C6FE /* FloatingButtons.swift in Sources */,
				F4652E0426682A2600EBF81A /* SavedPatternsView.swift in Sources */,
				F4652E0726682F6300EBF81A /* SearchBar.swift in Sources */,
				F4652E012668211E00EBF81A /* Main.xcdatamodeld in Sources */,
				F4652DE22667F3BF00EBF81A /* Pattern.swift in Sources */,
				F4652DF826681B3A00EBF81A /* SaveNewPatternView.swift in Sources */,
				F4652E1426694E1200EBF81A /* PersistenceController.swift in Sources */,
				F4652DE62667F5F000EBF81A /* JsonLoader.swift in Sources */,
				F46305EB2666495E00D1C6FE /* GameOfLifeApp.swift in Sources */,
				F4652DC22667A58100EBF81A /* Day.swift in Sources */,
				F4652DF42668039500EBF81A /* FamousPatternsView.swift in Sources */,
				F463060D2666742600D1C6FE /* GameView.swift in Sources */,
			);
			runOnlyForDeploymentPostprocessing = 0;
		};
/* End PBXSourcesBuildPhase section */

/* Begin XCBuildConfiguration section */
		F46305F42666496000D1C6FE /* Debug */ = {
			isa = XCBuildConfiguration;
			buildSettings = {
				ALWAYS_SEARCH_USER_PATHS = NO;
				CLANG_ANALYZER_NONNULL = YES;
				CLANG_ANALYZER_NUMBER_OBJECT_CONVERSION = YES_AGGRESSIVE;
				CLANG_CXX_LANGUAGE_STANDARD = "gnu++14";
				CLANG_CXX_LIBRARY = "libc++";
				CLANG_ENABLE_MODULES = YES;
				CLANG_ENABLE_OBJC_ARC = YES;
				CLANG_ENABLE_OBJC_WEAK = YES;
				CLANG_WARN_BLOCK_CAPTURE_AUTORELEASING = YES;
				CLANG_WARN_BOOL_CONVERSION = YES;
				CLANG_WARN_COMMA = YES;
				CLANG_WARN_CONSTANT_CONVERSION = YES;
				CLANG_WARN_DEPRECATED_OBJC_IMPLEMENTATIONS = YES;
				CLANG_WARN_DIRECT_OBJC_ISA_USAGE = YES_ERROR;
				CLANG_WARN_DOCUMENTATION_COMMENTS = YES;
				CLANG_WARN_EMPTY_BODY = YES;
				CLANG_WARN_ENUM_CONVERSION = YES;
				CLANG_WARN_INFINITE_RECURSION = YES;
				CLANG_WARN_INT_CONVERSION = YES;
				CLANG_WARN_NON_LITERAL_NULL_CONVERSION = YES;
				CLANG_WARN_OBJC_IMPLICIT_RETAIN_SELF = YES;
				CLANG_WARN_OBJC_LITERAL_CONVERSION = YES;
				CLANG_WARN_OBJC_ROOT_CLASS = YES_ERROR;
				CLANG_WARN_QUOTED_INCLUDE_IN_FRAMEWORK_HEADER = YES;
				CLANG_WARN_RANGE_LOOP_ANALYSIS = YES;
				CLANG_WARN_STRICT_PROTOTYPES = YES;
				CLANG_WARN_SUSPICIOUS_MOVE = YES;
				CLANG_WARN_UNGUARDED_AVAILABILITY = YES_AGGRESSIVE;
				CLANG_WARN_UNREACHABLE_CODE = YES;
				CLANG_WARN__DUPLICATE_METHOD_MATCH = YES;
				COPY_PHASE_STRIP = NO;
				DEBUG_INFORMATION_FORMAT = dwarf;
				ENABLE_STRICT_OBJC_MSGSEND = YES;
				ENABLE_TESTABILITY = YES;
				GCC_C_LANGUAGE_STANDARD = gnu11;
				GCC_DYNAMIC_NO_PIC = NO;
				GCC_NO_COMMON_BLOCKS = YES;
				GCC_OPTIMIZATION_LEVEL = 0;
				GCC_PREPROCESSOR_DEFINITIONS = (
					"DEBUG=1",
					"$(inherited)",
				);
				GCC_WARN_64_TO_32_BIT_CONVERSION = YES;
				GCC_WARN_ABOUT_RETURN_TYPE = YES_ERROR;
				GCC_WARN_UNDECLARED_SELECTOR = YES;
				GCC_WARN_UNINITIALIZED_AUTOS = YES_AGGRESSIVE;
				GCC_WARN_UNUSED_FUNCTION = YES;
				GCC_WARN_UNUSED_VARIABLE = YES;
				IPHONEOS_DEPLOYMENT_TARGET = 14.4;
				MTL_ENABLE_DEBUG_INFO = INCLUDE_SOURCE;
				MTL_FAST_MATH = YES;
				ONLY_ACTIVE_ARCH = YES;
				SDKROOT = iphoneos;
				SWIFT_ACTIVE_COMPILATION_CONDITIONS = DEBUG;
				SWIFT_OPTIMIZATION_LEVEL = "-Onone";
			};
			name = Debug;
		};
		F46305F52666496000D1C6FE /* Release */ = {
			isa = XCBuildConfiguration;
			buildSettings = {
				ALWAYS_SEARCH_USER_PATHS = NO;
				CLANG_ANALYZER_NONNULL = YES;
				CLANG_ANALYZER_NUMBER_OBJECT_CONVERSION = YES_AGGRESSIVE;
				CLANG_CXX_LANGUAGE_STANDARD = "gnu++14";
				CLANG_CXX_LIBRARY = "libc++";
				CLANG_ENABLE_MODULES = YES;
				CLANG_ENABLE_OBJC_ARC = YES;
				CLANG_ENABLE_OBJC_WEAK = YES;
				CLANG_WARN_BLOCK_CAPTURE_AUTORELEASING = YES;
				CLANG_WARN_BOOL_CONVERSION = YES;
				CLANG_WARN_COMMA = YES;
				CLANG_WARN_CONSTANT_CONVERSION = YES;
				CLANG_WARN_DEPRECATED_OBJC_IMPLEMENTATIONS = YES;
				CLANG_WARN_DIRECT_OBJC_ISA_USAGE = YES_ERROR;
				CLANG_WARN_DOCUMENTATION_COMMENTS = YES;
				CLANG_WARN_EMPTY_BODY = YES;
				CLANG_WARN_ENUM_CONVERSION = YES;
				CLANG_WARN_INFINITE_RECURSION = YES;
				CLANG_WARN_INT_CONVERSION = YES;
				CLANG_WARN_NON_LITERAL_NULL_CONVERSION = YES;
				CLANG_WARN_OBJC_IMPLICIT_RETAIN_SELF = YES;
				CLANG_WARN_OBJC_LITERAL_CONVERSION = YES;
				CLANG_WARN_OBJC_ROOT_CLASS = YES_ERROR;
				CLANG_WARN_QUOTED_INCLUDE_IN_FRAMEWORK_HEADER = YES;
				CLANG_WARN_RANGE_LOOP_ANALYSIS = YES;
				CLANG_WARN_STRICT_PROTOTYPES = YES;
				CLANG_WARN_SUSPICIOUS_MOVE = YES;
				CLANG_WARN_UNGUARDED_AVAILABILITY = YES_AGGRESSIVE;
				CLANG_WARN_UNREACHABLE_CODE = YES;
				CLANG_WARN__DUPLICATE_METHOD_MATCH = YES;
				COPY_PHASE_STRIP = NO;
				DEBUG_INFORMATION_FORMAT = "dwarf-with-dsym";
				ENABLE_NS_ASSERTIONS = NO;
				ENABLE_STRICT_OBJC_MSGSEND = YES;
				GCC_C_LANGUAGE_STANDARD = gnu11;
				GCC_NO_COMMON_BLOCKS = YES;
				GCC_WARN_64_TO_32_BIT_CONVERSION = YES;
				GCC_WARN_ABOUT_RETURN_TYPE = YES_ERROR;
				GCC_WARN_UNDECLARED_SELECTOR = YES;
				GCC_WARN_UNINITIALIZED_AUTOS = YES_AGGRESSIVE;
				GCC_WARN_UNUSED_FUNCTION = YES;
				GCC_WARN_UNUSED_VARIABLE = YES;
				IPHONEOS_DEPLOYMENT_TARGET = 14.4;
				MTL_ENABLE_DEBUG_INFO = NO;
				MTL_FAST_MATH = YES;
				SDKROOT = iphoneos;
				SWIFT_COMPILATION_MODE = wholemodule;
				SWIFT_OPTIMIZATION_LEVEL = "-O";
				VALIDATE_PRODUCT = YES;
			};
			name = Release;
		};
		F46305F72666496000D1C6FE /* Debug */ = {
			isa = XCBuildConfiguration;
			buildSettings = {
				ASSETCATALOG_COMPILER_APPICON_NAME = AppIcon;
				ASSETCATALOG_COMPILER_GLOBAL_ACCENT_COLOR_NAME = AccentColor;
				CODE_SIGN_STYLE = Automatic;
				CURRENT_PROJECT_VERSION = 2;
				DEVELOPMENT_ASSET_PATHS = "";
				DEVELOPMENT_TEAM = T4L8JBB88A;
				ENABLE_PREVIEWS = YES;
				INFOPLIST_FILE = "GameOfLife/Supporting Files/Info.plist";
				IPHONEOS_DEPLOYMENT_TARGET = 14.0;
				LD_RUNPATH_SEARCH_PATHS = (
					"$(inherited)",
					"@executable_path/Frameworks",
				);
				MARKETING_VERSION = 0.1.0;
				PRODUCT_BUNDLE_IDENTIFIER = JackFinnis.GameOfLife.1;
				PRODUCT_NAME = "$(TARGET_NAME)";
				SWIFT_VERSION = 5.0;
				TARGETED_DEVICE_FAMILY = 2;
			};
			name = Debug;
		};
		F46305F82666496000D1C6FE /* Release */ = {
			isa = XCBuildConfiguration;
			buildSettings = {
				ASSETCATALOG_COMPILER_APPICON_NAME = AppIcon;
				ASSETCATALOG_COMPILER_GLOBAL_ACCENT_COLOR_NAME = AccentColor;
				CODE_SIGN_STYLE = Automatic;
				CURRENT_PROJECT_VERSION = 2;
				DEVELOPMENT_ASSET_PATHS = "";
				DEVELOPMENT_TEAM = T4L8JBB88A;
				ENABLE_PREVIEWS = YES;
				INFOPLIST_FILE = "GameOfLife/Supporting Files/Info.plist";
				IPHONEOS_DEPLOYMENT_TARGET = 14.0;
				LD_RUNPATH_SEARCH_PATHS = (
					"$(inherited)",
					"@executable_path/Frameworks",
				);
				MARKETING_VERSION = 0.1.0;
				PRODUCT_BUNDLE_IDENTIFIER = JackFinnis.GameOfLife.1;
				PRODUCT_NAME = "$(TARGET_NAME)";
				SWIFT_VERSION = 5.0;
				TARGETED_DEVICE_FAMILY = 2;
			};
			name = Release;
		};
/* End XCBuildConfiguration section */

/* Begin XCConfigurationList section */
		F46305E22666495E00D1C6FE /* Build configuration list for PBXProject "GameOfLife" */ = {
			isa = XCConfigurationList;
			buildConfigurations = (
				F46305F42666496000D1C6FE /* Debug */,
				F46305F52666496000D1C6FE /* Release */,
			);
			defaultConfigurationIsVisible = 0;
			defaultConfigurationName = Release;
		};
		F46305F62666496000D1C6FE /* Build configuration list for PBXNativeTarget "GameOfLife" */ = {
			isa = XCConfigurationList;
			buildConfigurations = (
				F46305F72666496000D1C6FE /* Debug */,
				F46305F82666496000D1C6FE /* Release */,
			);
			defaultConfigurationIsVisible = 0;
			defaultConfigurationName = Release;
		};
/* End XCConfigurationList section */

/* Begin XCVersionGroup section */
		F4652DFF2668211E00EBF81A /* Main.xcdatamodeld */ = {
			isa = XCVersionGroup;
			children = (
				F4652E002668211E00EBF81A /* Main.xcdatamodel */,
			);
			currentVersion = F4652E002668211E00EBF81A /* Main.xcdatamodel */;
			path = Main.xcdatamodeld;
			sourceTree = "<group>";
			versionGroupType = wrapper.xcdatamodel;
		};
/* End XCVersionGroup section */
	};
	rootObject = F46305DF2666495E00D1C6FE /* Project object */;
}
